// !$*UTF8*$!
{
	archiveVersion = 1;
	classes = {
	};
	objectVersion = 55;
	objects = {

/* Begin PBXBuildFile section */
		55824515284FBC07005A80ED /* OnBoardingViewController.swift in Sources */ = {isa = PBXBuildFile; fileRef = 55824514284FBC07005A80ED /* OnBoardingViewController.swift */; };
		55824519284FC56F005A80ED /* AnyViewRepresentable.swift in Sources */ = {isa = PBXBuildFile; fileRef = 55824518284FC56F005A80ED /* AnyViewRepresentable.swift */; };
		5582451B284FC5B8005A80ED /* OnBoardingView.swift in Sources */ = {isa = PBXBuildFile; fileRef = 5582451A284FC5B8005A80ED /* OnBoardingView.swift */; };
		BA9F46BB284FB84C00FDCEB7 /* AppDelegate.swift in Sources */ = {isa = PBXBuildFile; fileRef = BA9F46BA284FB84C00FDCEB7 /* AppDelegate.swift */; };
		BA9F46BD284FB84C00FDCEB7 /* SceneDelegate.swift in Sources */ = {isa = PBXBuildFile; fileRef = BA9F46BC284FB84C00FDCEB7 /* SceneDelegate.swift */; };
		BA9F46C4284FB84D00FDCEB7 /* Assets.xcassets in Resources */ = {isa = PBXBuildFile; fileRef = BA9F46C3284FB84D00FDCEB7 /* Assets.xcassets */; };
		BA9F46C7284FB84D00FDCEB7 /* LaunchScreen.storyboard in Resources */ = {isa = PBXBuildFile; fileRef = BA9F46C5284FB84D00FDCEB7 /* LaunchScreen.storyboard */; };
		BA9F46CF284FB98400FDCEB7 /* CodeReaderViewController.swift in Sources */ = {isa = PBXBuildFile; fileRef = BA9F46CE284FB98400FDCEB7 /* CodeReaderViewController.swift */; };
		BA9F46D4284FB9A700FDCEB7 /* WebViewController.swift in Sources */ = {isa = PBXBuildFile; fileRef = BA9F46D2284FB9A700FDCEB7 /* WebViewController.swift */; };
		BA9F46D5284FB9A700FDCEB7 /* ARHologramViewController.swift in Sources */ = {isa = PBXBuildFile; fileRef = BA9F46D3284FB9A700FDCEB7 /* ARHologramViewController.swift */; };
/* End PBXBuildFile section */

/* Begin PBXFileReference section */
		55824514284FBC07005A80ED /* OnBoardingViewController.swift */ = {isa = PBXFileReference; lastKnownFileType = sourcecode.swift; path = OnBoardingViewController.swift; sourceTree = "<group>"; };
		55824518284FC56F005A80ED /* AnyViewRepresentable.swift */ = {isa = PBXFileReference; lastKnownFileType = sourcecode.swift; path = AnyViewRepresentable.swift; sourceTree = "<group>"; };
		5582451A284FC5B8005A80ED /* OnBoardingView.swift */ = {isa = PBXFileReference; lastKnownFileType = sourcecode.swift; path = OnBoardingView.swift; sourceTree = "<group>"; };
		BA9F46B7284FB84C00FDCEB7 /* QARCode.app */ = {isa = PBXFileReference; explicitFileType = wrapper.application; includeInIndex = 0; path = QARCode.app; sourceTree = BUILT_PRODUCTS_DIR; };
		BA9F46BA284FB84C00FDCEB7 /* AppDelegate.swift */ = {isa = PBXFileReference; lastKnownFileType = sourcecode.swift; path = AppDelegate.swift; sourceTree = "<group>"; };
		BA9F46BC284FB84C00FDCEB7 /* SceneDelegate.swift */ = {isa = PBXFileReference; lastKnownFileType = sourcecode.swift; path = SceneDelegate.swift; sourceTree = "<group>"; };
		BA9F46C3284FB84D00FDCEB7 /* Assets.xcassets */ = {isa = PBXFileReference; lastKnownFileType = folder.assetcatalog; path = Assets.xcassets; sourceTree = "<group>"; };
		BA9F46C6284FB84D00FDCEB7 /* Base */ = {isa = PBXFileReference; lastKnownFileType = file.storyboard; name = Base; path = Base.lproj/LaunchScreen.storyboard; sourceTree = "<group>"; };
		BA9F46C8284FB84D00FDCEB7 /* Info.plist */ = {isa = PBXFileReference; lastKnownFileType = text.plist.xml; path = Info.plist; sourceTree = "<group>"; };
		BA9F46CE284FB98400FDCEB7 /* CodeReaderViewController.swift */ = {isa = PBXFileReference; lastKnownFileType = sourcecode.swift; path = CodeReaderViewController.swift; sourceTree = "<group>"; };
		BA9F46D2284FB9A700FDCEB7 /* WebViewController.swift */ = {isa = PBXFileReference; fileEncoding = 4; lastKnownFileType = sourcecode.swift; path = WebViewController.swift; sourceTree = "<group>"; };
		BA9F46D3284FB9A700FDCEB7 /* ARHologramViewController.swift */ = {isa = PBXFileReference; fileEncoding = 4; lastKnownFileType = sourcecode.swift; path = ARHologramViewController.swift; sourceTree = "<group>"; };
/* End PBXFileReference section */

/* Begin PBXFrameworksBuildPhase section */
		BA9F46B4284FB84C00FDCEB7 /* Frameworks */ = {
			isa = PBXFrameworksBuildPhase;
			buildActionMask = 2147483647;
			files = (
			);
			runOnlyForDeploymentPostprocessing = 0;
		};
/* End PBXFrameworksBuildPhase section */

/* Begin PBXGroup section */
		55824513284FBB78005A80ED /* OnBoardingFeat */ = {
			isa = PBXGroup;
			children = (
				55824514284FBC07005A80ED /* OnBoardingViewController.swift */,
				55824518284FC56F005A80ED /* AnyViewRepresentable.swift */,
				5582451A284FC5B8005A80ED /* OnBoardingView.swift */,
			);
			path = OnBoardingFeat;
			sourceTree = "<group>";
		};
		BA9F46AE284FB84C00FDCEB7 = {
			isa = PBXGroup;
			children = (
				BA9F46B9284FB84C00FDCEB7 /* QARCode */,
				BA9F46B8284FB84C00FDCEB7 /* Products */,
			);
			sourceTree = "<group>";
		};
		BA9F46B8284FB84C00FDCEB7 /* Products */ = {
			isa = PBXGroup;
			children = (
				BA9F46B7284FB84C00FDCEB7 /* QARCode.app */,
			);
			name = Products;
			sourceTree = "<group>";
		};
		BA9F46B9284FB84C00FDCEB7 /* QARCode */ = {
			isa = PBXGroup;
			children = (
				55824513284FBB78005A80ED /* OnBoardingFeat */,
				BA9F46D0284FB98A00FDCEB7 /* CodeReaderFeat */,
				BA9F46D1284FB9A700FDCEB7 /* ARHologramFeat */,
				BA9F46BA284FB84C00FDCEB7 /* AppDelegate.swift */,
				BA9F46BC284FB84C00FDCEB7 /* SceneDelegate.swift */,
				BA9F46C3284FB84D00FDCEB7 /* Assets.xcassets */,
				BA9F46C5284FB84D00FDCEB7 /* LaunchScreen.storyboard */,
				BA9F46C8284FB84D00FDCEB7 /* Info.plist */,
			);
			path = QARCode;
			sourceTree = "<group>";
		};
		BA9F46D0284FB98A00FDCEB7 /* CodeReaderFeat */ = {
			isa = PBXGroup;
			children = (
				BA9F46CE284FB98400FDCEB7 /* CodeReaderViewController.swift */,
			);
			path = CodeReaderFeat;
			sourceTree = "<group>";
		};
		BA9F46D1284FB9A700FDCEB7 /* ARHologramFeat */ = {
			isa = PBXGroup;
			children = (
				BA9F46D3284FB9A700FDCEB7 /* ARHologramViewController.swift */,
				BA9F46D2284FB9A700FDCEB7 /* WebViewController.swift */,
			);
			path = ARHologramFeat;
			sourceTree = "<group>";
		};
/* End PBXGroup section */

/* Begin PBXNativeTarget section */
		BA9F46B6284FB84C00FDCEB7 /* QARCode */ = {
			isa = PBXNativeTarget;
			buildConfigurationList = BA9F46CB284FB84D00FDCEB7 /* Build configuration list for PBXNativeTarget "QARCode" */;
			buildPhases = (
				BA9F46B3284FB84C00FDCEB7 /* Sources */,
				BA9F46B4284FB84C00FDCEB7 /* Frameworks */,
				BA9F46B5284FB84C00FDCEB7 /* Resources */,
			);
			buildRules = (
			);
			dependencies = (
			);
			name = QARCode;
			productName = QARCode;
			productReference = BA9F46B7284FB84C00FDCEB7 /* QARCode.app */;
			productType = "com.apple.product-type.application";
		};
/* End PBXNativeTarget section */

/* Begin PBXProject section */
		BA9F46AF284FB84C00FDCEB7 /* Project object */ = {
			isa = PBXProject;
			attributes = {
				BuildIndependentTargetsInParallel = 1;
				LastSwiftUpdateCheck = 1330;
				LastUpgradeCheck = 1330;
				TargetAttributes = {
					BA9F46B6284FB84C00FDCEB7 = {
						CreatedOnToolsVersion = 13.3.1;
					};
				};
			};
			buildConfigurationList = BA9F46B2284FB84C00FDCEB7 /* Build configuration list for PBXProject "QARCode" */;
			compatibilityVersion = "Xcode 13.0";
			developmentRegion = en;
			hasScannedForEncodings = 0;
			knownRegions = (
				en,
				Base,
			);
			mainGroup = BA9F46AE284FB84C00FDCEB7;
			productRefGroup = BA9F46B8284FB84C00FDCEB7 /* Products */;
			projectDirPath = "";
			projectRoot = "";
			targets = (
				BA9F46B6284FB84C00FDCEB7 /* QARCode */,
			);
		};
/* End PBXProject section */

/* Begin PBXResourcesBuildPhase section */
		BA9F46B5284FB84C00FDCEB7 /* Resources */ = {
			isa = PBXResourcesBuildPhase;
			buildActionMask = 2147483647;
			files = (
				BA9F46C7284FB84D00FDCEB7 /* LaunchScreen.storyboard in Resources */,
				BA9F46C4284FB84D00FDCEB7 /* Assets.xcassets in Resources */,
			);
			runOnlyForDeploymentPostprocessing = 0;
		};
/* End PBXResourcesBuildPhase section */

/* Begin PBXSourcesBuildPhase section */
		BA9F46B3284FB84C00FDCEB7 /* Sources */ = {
			isa = PBXSourcesBuildPhase;
			buildActionMask = 2147483647;
			files = (
				BA9F46D5284FB9A700FDCEB7 /* ARHologramViewController.swift in Sources */,
				BA9F46BB284FB84C00FDCEB7 /* AppDelegate.swift in Sources */,
				BA9F46CF284FB98400FDCEB7 /* CodeReaderViewController.swift in Sources */,
				55824515284FBC07005A80ED /* OnBoardingViewController.swift in Sources */,
				55824519284FC56F005A80ED /* AnyViewRepresentable.swift in Sources */,
				5582451B284FC5B8005A80ED /* OnBoardingView.swift in Sources */,
				BA9F46BD284FB84C00FDCEB7 /* SceneDelegate.swift in Sources */,
				BA9F46D4284FB9A700FDCEB7 /* WebViewController.swift in Sources */,
			);
			runOnlyForDeploymentPostprocessing = 0;
		};
/* End PBXSourcesBuildPhase section */

/* Begin PBXVariantGroup section */
		BA9F46C5284FB84D00FDCEB7 /* LaunchScreen.storyboard */ = {
			isa = PBXVariantGroup;
			children = (
				BA9F46C6284FB84D00FDCEB7 /* Base */,
			);
			name = LaunchScreen.storyboard;
			sourceTree = "<group>";
		};
/* End PBXVariantGroup section */

/* Begin XCBuildConfiguration section */
		BA9F46C9284FB84D00FDCEB7 /* Debug */ = {
			isa = XCBuildConfiguration;
			buildSettings = {
				ALWAYS_SEARCH_USER_PATHS = NO;
				CLANG_ANALYZER_NONNULL = YES;
				CLANG_ANALYZER_NUMBER_OBJECT_CONVERSION = YES_AGGRESSIVE;
				CLANG_CXX_LANGUAGE_STANDARD = "gnu++17";
				CLANG_ENABLE_MODULES = YES;
				CLANG_ENABLE_OBJC_ARC = YES;
				CLANG_ENABLE_OBJC_WEAK = YES;
				CLANG_WARN_BLOCK_CAPTURE_AUTORELEASING = YES;
				CLANG_WARN_BOOL_CONVERSION = YES;
				CLANG_WARN_COMMA = YES;
				CLANG_WARN_CONSTANT_CONVERSION = YES;
				CLANG_WARN_DEPRECATED_OBJC_IMPLEMENTATIONS = YES;
				CLANG_WARN_DIRECT_OBJC_ISA_USAGE = YES_ERROR;
				CLANG_WARN_DOCUMENTATION_COMMENTS = YES;
				CLANG_WARN_EMPTY_BODY = YES;
				CLANG_WARN_ENUM_CONVERSION = YES;
				CLANG_WARN_INFINITE_RECURSION = YES;
				CLANG_WARN_INT_CONVERSION = YES;
				CLANG_WARN_NON_LITERAL_NULL_CONVERSION = YES;
				CLANG_WARN_OBJC_IMPLICIT_RETAIN_SELF = YES;
				CLANG_WARN_OBJC_LITERAL_CONVERSION = YES;
				CLANG_WARN_OBJC_ROOT_CLASS = YES_ERROR;
				CLANG_WARN_QUOTED_INCLUDE_IN_FRAMEWORK_HEADER = YES;
				CLANG_WARN_RANGE_LOOP_ANALYSIS = YES;
				CLANG_WARN_STRICT_PROTOTYPES = YES;
				CLANG_WARN_SUSPICIOUS_MOVE = YES;
				CLANG_WARN_UNGUARDED_AVAILABILITY = YES_AGGRESSIVE;
				CLANG_WARN_UNREACHABLE_CODE = YES;
				CLANG_WARN__DUPLICATE_METHOD_MATCH = YES;
				COPY_PHASE_STRIP = NO;
				DEBUG_INFORMATION_FORMAT = dwarf;
				ENABLE_STRICT_OBJC_MSGSEND = YES;
				ENABLE_TESTABILITY = YES;
				GCC_C_LANGUAGE_STANDARD = gnu11;
				GCC_DYNAMIC_NO_PIC = NO;
				GCC_NO_COMMON_BLOCKS = YES;
				GCC_OPTIMIZATION_LEVEL = 0;
				GCC_PREPROCESSOR_DEFINITIONS = (
					"DEBUG=1",
					"$(inherited)",
				);
				GCC_WARN_64_TO_32_BIT_CONVERSION = YES;
				GCC_WARN_ABOUT_RETURN_TYPE = YES_ERROR;
				GCC_WARN_UNDECLARED_SELECTOR = YES;
				GCC_WARN_UNINITIALIZED_AUTOS = YES_AGGRESSIVE;
				GCC_WARN_UNUSED_FUNCTION = YES;
				GCC_WARN_UNUSED_VARIABLE = YES;
				IPHONEOS_DEPLOYMENT_TARGET = 15.4;
				MTL_ENABLE_DEBUG_INFO = INCLUDE_SOURCE;
				MTL_FAST_MATH = YES;
				ONLY_ACTIVE_ARCH = YES;
				SDKROOT = iphoneos;
				SWIFT_ACTIVE_COMPILATION_CONDITIONS = DEBUG;
				SWIFT_OPTIMIZATION_LEVEL = "-Onone";
			};
			name = Debug;
		};
		BA9F46CA284FB84D00FDCEB7 /* Release */ = {
			isa = XCBuildConfiguration;
			buildSettings = {
				ALWAYS_SEARCH_USER_PATHS = NO;
				CLANG_ANALYZER_NONNULL = YES;
				CLANG_ANALYZER_NUMBER_OBJECT_CONVERSION = YES_AGGRESSIVE;
				CLANG_CXX_LANGUAGE_STANDARD = "gnu++17";
				CLANG_ENABLE_MODULES = YES;
				CLANG_ENABLE_OBJC_ARC = YES;
				CLANG_ENABLE_OBJC_WEAK = YES;
				CLANG_WARN_BLOCK_CAPTURE_AUTORELEASING = YES;
				CLANG_WARN_BOOL_CONVERSION = YES;
				CLANG_WARN_COMMA = YES;
				CLANG_WARN_CONSTANT_CONVERSION = YES;
				CLANG_WARN_DEPRECATED_OBJC_IMPLEMENTATIONS = YES;
				CLANG_WARN_DIRECT_OBJC_ISA_USAGE = YES_ERROR;
				CLANG_WARN_DOCUMENTATION_COMMENTS = YES;
				CLANG_WARN_EMPTY_BODY = YES;
				CLANG_WARN_ENUM_CONVERSION = YES;
				CLANG_WARN_INFINITE_RECURSION = YES;
				CLANG_WARN_INT_CONVERSION = YES;
				CLANG_WARN_NON_LITERAL_NULL_CONVERSION = YES;
				CLANG_WARN_OBJC_IMPLICIT_RETAIN_SELF = YES;
				CLANG_WARN_OBJC_LITERAL_CONVERSION = YES;
				CLANG_WARN_OBJC_ROOT_CLASS = YES_ERROR;
				CLANG_WARN_QUOTED_INCLUDE_IN_FRAMEWORK_HEADER = YES;
				CLANG_WARN_RANGE_LOOP_ANALYSIS = YES;
				CLANG_WARN_STRICT_PROTOTYPES = YES;
				CLANG_WARN_SUSPICIOUS_MOVE = YES;
				CLANG_WARN_UNGUARDED_AVAILABILITY = YES_AGGRESSIVE;
				CLANG_WARN_UNREACHABLE_CODE = YES;
				CLANG_WARN__DUPLICATE_METHOD_MATCH = YES;
				COPY_PHASE_STRIP = NO;
				DEBUG_INFORMATION_FORMAT = "dwarf-with-dsym";
				ENABLE_NS_ASSERTIONS = NO;
				ENABLE_STRICT_OBJC_MSGSEND = YES;
				GCC_C_LANGUAGE_STANDARD = gnu11;
				GCC_NO_COMMON_BLOCKS = YES;
				GCC_WARN_64_TO_32_BIT_CONVERSION = YES;
				GCC_WARN_ABOUT_RETURN_TYPE = YES_ERROR;
				GCC_WARN_UNDECLARED_SELECTOR = YES;
				GCC_WARN_UNINITIALIZED_AUTOS = YES_AGGRESSIVE;
				GCC_WARN_UNUSED_FUNCTION = YES;
				GCC_WARN_UNUSED_VARIABLE = YES;
				IPHONEOS_DEPLOYMENT_TARGET = 15.4;
				MTL_ENABLE_DEBUG_INFO = NO;
				MTL_FAST_MATH = YES;
				SDKROOT = iphoneos;
				SWIFT_COMPILATION_MODE = wholemodule;
				SWIFT_OPTIMIZATION_LEVEL = "-O";
				VALIDATE_PRODUCT = YES;
			};
			name = Release;
		};
		BA9F46CC284FB84D00FDCEB7 /* Debug */ = {
			isa = XCBuildConfiguration;
			buildSettings = {
				ASSETCATALOG_COMPILER_APPICON_NAME = AppIcon;
				ASSETCATALOG_COMPILER_GLOBAL_ACCENT_COLOR_NAME = AccentColor;
				CODE_SIGN_STYLE = Automatic;
				CURRENT_PROJECT_VERSION = 1;
				DEVELOPMENT_TEAM = JJ7A9ZQ7BD;
				GENERATE_INFOPLIST_FILE = YES;
				INFOPLIST_FILE = QARCode/Info.plist;
				INFOPLIST_KEY_NSCameraUsageDescription = Use;
				INFOPLIST_KEY_UIApplicationSupportsIndirectInputEvents = YES;
				INFOPLIST_KEY_UILaunchStoryboardName = LaunchScreen;
				INFOPLIST_KEY_UISupportedInterfaceOrientations_iPad = "UIInterfaceOrientationPortrait UIInterfaceOrientationPortraitUpsideDown UIInterfaceOrientationLandscapeLeft UIInterfaceOrientationLandscapeRight";
				INFOPLIST_KEY_UISupportedInterfaceOrientations_iPhone = "UIInterfaceOrientationPortrait UIInterfaceOrientationLandscapeLeft UIInterfaceOrientationLandscapeRight";
				LD_RUNPATH_SEARCH_PATHS = (
					"$(inherited)",
					"@executable_path/Frameworks",
				);
				MARKETING_VERSION = 1.0;
				PRODUCT_BUNDLE_IDENTIFIER = com.chevis.QARCode;
				PRODUCT_NAME = "$(TARGET_NAME)";
				SWIFT_EMIT_LOC_STRINGS = YES;
				SWIFT_VERSION = 5.0;
				TARGETED_DEVICE_FAMILY = "1,2";
			};
			name = Debug;
		};
		BA9F46CD284FB84D00FDCEB7 /* Release */ = {
			isa = XCBuildConfiguration;
			buildSettings = {
				ASSETCATALOG_COMPILER_APPICON_NAME = AppIcon;
				ASSETCATALOG_COMPILER_GLOBAL_ACCENT_COLOR_NAME = AccentColor;
				CODE_SIGN_STYLE = Automatic;
				CURRENT_PROJECT_VERSION = 1;
				DEVELOPMENT_TEAM = JJ7A9ZQ7BD;
				GENERATE_INFOPLIST_FILE = YES;
				INFOPLIST_FILE = QARCode/Info.plist;
				INFOPLIST_KEY_NSCameraUsageDescription = Use;
				INFOPLIST_KEY_UIApplicationSupportsIndirectInputEvents = YES;
				INFOPLIST_KEY_UILaunchStoryboardName = LaunchScreen;
				INFOPLIST_KEY_UISupportedInterfaceOrientations_iPad = "UIInterfaceOrientationPortrait UIInterfaceOrientationPortraitUpsideDown UIInterfaceOrientationLandscapeLeft UIInterfaceOrientationLandscapeRight";
				INFOPLIST_KEY_UISupportedInterfaceOrientations_iPhone = "UIInterfaceOrientationPortrait UIInterfaceOrientationLandscapeLeft UIInterfaceOrientationLandscapeRight";
				LD_RUNPATH_SEARCH_PATHS = (
					"$(inherited)",
					"@executable_path/Frameworks",
				);
				MARKETING_VERSION = 1.0;
				PRODUCT_BUNDLE_IDENTIFIER = com.chevis.QARCode;
				PRODUCT_NAME = "$(TARGET_NAME)";
				SWIFT_EMIT_LOC_STRINGS = YES;
				SWIFT_VERSION = 5.0;
				TARGETED_DEVICE_FAMILY = "1,2";
			};
			name = Release;
		};
/* End XCBuildConfiguration section */

/* Begin XCConfigurationList section */
		BA9F46B2284FB84C00FDCEB7 /* Build configuration list for PBXProject "QARCode" */ = {
			isa = XCConfigurationList;
			buildConfigurations = (
				BA9F46C9284FB84D00FDCEB7 /* Debug */,
				BA9F46CA284FB84D00FDCEB7 /* Release */,
			);
			defaultConfigurationIsVisible = 0;
			defaultConfigurationName = Release;
		};
		BA9F46CB284FB84D00FDCEB7 /* Build configuration list for PBXNativeTarget "QARCode" */ = {
			isa = XCConfigurationList;
			buildConfigurations = (
				BA9F46CC284FB84D00FDCEB7 /* Debug */,
				BA9F46CD284FB84D00FDCEB7 /* Release */,
			);
			defaultConfigurationIsVisible = 0;
			defaultConfigurationName = Release;
		};
/* End XCConfigurationList section */
	};
	rootObject = BA9F46AF284FB84C00FDCEB7 /* Project object */;
}
